// !$*UTF8*$!
{
	archiveVersion = 1;
	classes = {
	};
	objectVersion = 56;
	objects = {

/* Begin PBXBuildFile section */
		A43E09662BAF473E00FC7F98 /* KeyboardShortcuts in Frameworks */ = {isa = PBXBuildFile; productRef = A43E09652BAF473E00FC7F98 /* KeyboardShortcuts */; };
		A43E09682BAF475400FC7F98 /* SettingsView.swift in Sources */ = {isa = PBXBuildFile; fileRef = A43E09672BAF475400FC7F98 /* SettingsView.swift */; };
		A43E096A2BAF476300FC7F98 /* Constants.swift in Sources */ = {isa = PBXBuildFile; fileRef = A43E09692BAF476300FC7F98 /* Constants.swift */; };
		A47B786F2BAF7D16004D4E57 /* CompactSlider in Frameworks */ = {isa = PBXBuildFile; productRef = A47B786E2BAF7D16004D4E57 /* CompactSlider */; };
		A47B78722BAF9890004D4E57 /* MenuBarExtraAccess in Frameworks */ = {isa = PBXBuildFile; productRef = A47B78712BAF9890004D4E57 /* MenuBarExtraAccess */; };
		A47B78742BAF9A13004D4E57 /* ContextMenu.swift in Sources */ = {isa = PBXBuildFile; fileRef = A47B78732BAF9A13004D4E57 /* ContextMenu.swift */; };
		A47B78782BAF9FFA004D4E57 /* ContentView.swift in Sources */ = {isa = PBXBuildFile; fileRef = A47B78772BAF9FFA004D4E57 /* ContentView.swift */; };
		A47B787A2BAFA373004D4E57 /* Container.swift in Sources */ = {isa = PBXBuildFile; fileRef = A47B78792BAFA373004D4E57 /* Container.swift */; };
		A47B787C2BAFA384004D4E57 /* Spinner.swift in Sources */ = {isa = PBXBuildFile; fileRef = A47B787B2BAFA384004D4E57 /* Spinner.swift */; };
		A47B787E2BAFA3A6004D4E57 /* TreadmillControls.swift in Sources */ = {isa = PBXBuildFile; fileRef = A47B787D2BAFA3A6004D4E57 /* TreadmillControls.swift */; };
		A47B78802BAFADCB004D4E57 /* README.md in Resources */ = {isa = PBXBuildFile; fileRef = A47B787F2BAFADCB004D4E57 /* README.md */; };
		A49F6E572BAE4B4D00F1EA99 /* walkingpad_macApp.swift in Sources */ = {isa = PBXBuildFile; fileRef = A49F6E562BAE4B4D00F1EA99 /* walkingpad_macApp.swift */; };
		A49F6E592BAE4B4D00F1EA99 /* ControlView.swift in Sources */ = {isa = PBXBuildFile; fileRef = A49F6E582BAE4B4D00F1EA99 /* ControlView.swift */; };
		A49F6E6B2BAE4B4F00F1EA99 /* walkingpad_macTests.swift in Sources */ = {isa = PBXBuildFile; fileRef = A49F6E6A2BAE4B4F00F1EA99 /* walkingpad_macTests.swift */; };
		A49F6E752BAE4B4F00F1EA99 /* walkingpad_macUITests.swift in Sources */ = {isa = PBXBuildFile; fileRef = A49F6E742BAE4B4F00F1EA99 /* walkingpad_macUITests.swift */; };
		A49F6E772BAE4B4F00F1EA99 /* walkingpad_macUITestsLaunchTests.swift in Sources */ = {isa = PBXBuildFile; fileRef = A49F6E762BAE4B4F00F1EA99 /* walkingpad_macUITestsLaunchTests.swift */; };
		A49F6E9D2BAF0B9100F1EA99 /* WalkingPadService.swift in Sources */ = {isa = PBXBuildFile; fileRef = A49F6E9C2BAF0B9100F1EA99 /* WalkingPadService.swift */; };
		A49F6EA02BAF0CB500F1EA99 /* SwiftCommand in Frameworks */ = {isa = PBXBuildFile; productRef = A49F6E9F2BAF0CB500F1EA99 /* SwiftCommand */; };
		A49F77322BAF134500F1EA99 /* python-lib in Resources */ = {isa = PBXBuildFile; fileRef = A49F77312BAF134500F1EA99 /* python-lib */; };
		A49F77382BAF19CB00F1EA99 /* NSTextCheckingResult+groups.swift in Sources */ = {isa = PBXBuildFile; fileRef = A49F77372BAF19CB00F1EA99 /* NSTextCheckingResult+groups.swift */; };
		A49F773B2BAF24E000F1EA99 /* Starscream in Frameworks */ = {isa = PBXBuildFile; productRef = A49F773A2BAF24E000F1EA99 /* Starscream */; };
		A49F773D2BAF24F000F1EA99 /* TreadmillService.swift in Sources */ = {isa = PBXBuildFile; fileRef = A49F773C2BAF24F000F1EA99 /* TreadmillService.swift */; };
		A4FB80362BAFD13A0065AE52 /* Session.swift in Sources */ = {isa = PBXBuildFile; fileRef = A4FB80352BAFD13A0065AE52 /* Session.swift */; };
/* End PBXBuildFile section */

/* Begin PBXContainerItemProxy section */
		A49F6E672BAE4B4F00F1EA99 /* PBXContainerItemProxy */ = {
			isa = PBXContainerItemProxy;
			containerPortal = A49F6E4B2BAE4B4D00F1EA99 /* Project object */;
			proxyType = 1;
			remoteGlobalIDString = A49F6E522BAE4B4D00F1EA99;
			remoteInfo = "walkingpad-mac";
		};
		A49F6E712BAE4B4F00F1EA99 /* PBXContainerItemProxy */ = {
			isa = PBXContainerItemProxy;
			containerPortal = A49F6E4B2BAE4B4D00F1EA99 /* Project object */;
			proxyType = 1;
			remoteGlobalIDString = A49F6E522BAE4B4D00F1EA99;
			remoteInfo = "walkingpad-mac";
		};
/* End PBXContainerItemProxy section */

/* Begin PBXFileReference section */
		A43E09672BAF475400FC7F98 /* SettingsView.swift */ = {isa = PBXFileReference; lastKnownFileType = sourcecode.swift; path = SettingsView.swift; sourceTree = "<group>"; };
		A43E09692BAF476300FC7F98 /* Constants.swift */ = {isa = PBXFileReference; lastKnownFileType = sourcecode.swift; path = Constants.swift; sourceTree = "<group>"; };
		A47B78732BAF9A13004D4E57 /* ContextMenu.swift */ = {isa = PBXFileReference; lastKnownFileType = sourcecode.swift; path = ContextMenu.swift; sourceTree = "<group>"; };
		A47B78772BAF9FFA004D4E57 /* ContentView.swift */ = {isa = PBXFileReference; lastKnownFileType = sourcecode.swift; path = ContentView.swift; sourceTree = "<group>"; };
		A47B78792BAFA373004D4E57 /* Container.swift */ = {isa = PBXFileReference; lastKnownFileType = sourcecode.swift; path = Container.swift; sourceTree = "<group>"; };
		A47B787B2BAFA384004D4E57 /* Spinner.swift */ = {isa = PBXFileReference; lastKnownFileType = sourcecode.swift; path = Spinner.swift; sourceTree = "<group>"; };
		A47B787D2BAFA3A6004D4E57 /* TreadmillControls.swift */ = {isa = PBXFileReference; lastKnownFileType = sourcecode.swift; path = TreadmillControls.swift; sourceTree = "<group>"; };
		A47B787F2BAFADCB004D4E57 /* README.md */ = {isa = PBXFileReference; fileEncoding = 4; lastKnownFileType = net.daringfireball.markdown; path = README.md; sourceTree = "<group>"; };
		A49F6E532BAE4B4D00F1EA99 /* walkingpad-mac.app */ = {isa = PBXFileReference; explicitFileType = wrapper.application; includeInIndex = 0; path = "walkingpad-mac.app"; sourceTree = BUILT_PRODUCTS_DIR; };
		A49F6E562BAE4B4D00F1EA99 /* walkingpad_macApp.swift */ = {isa = PBXFileReference; lastKnownFileType = sourcecode.swift; path = walkingpad_macApp.swift; sourceTree = "<group>"; };
		A49F6E582BAE4B4D00F1EA99 /* ControlView.swift */ = {isa = PBXFileReference; lastKnownFileType = sourcecode.swift; path = ControlView.swift; sourceTree = "<group>"; };
		A49F6E5C2BAE4B4F00F1EA99 /* Assets.xcassets */ = {isa = PBXFileReference; lastKnownFileType = folder.assetcatalog; path = Assets.xcassets; sourceTree = "<group>"; };
		A49F6E5F2BAE4B4F00F1EA99 /* Preview Assets.xcassets */ = {isa = PBXFileReference; lastKnownFileType = folder.assetcatalog; path = "Preview Assets.xcassets"; sourceTree = "<group>"; };
		A49F6E612BAE4B4F00F1EA99 /* walkingpad_mac.entitlements */ = {isa = PBXFileReference; lastKnownFileType = text.plist.entitlements; path = walkingpad_mac.entitlements; sourceTree = "<group>"; };
		A49F6E662BAE4B4F00F1EA99 /* walkingpad-macTests.xctest */ = {isa = PBXFileReference; explicitFileType = wrapper.cfbundle; includeInIndex = 0; path = "walkingpad-macTests.xctest"; sourceTree = BUILT_PRODUCTS_DIR; };
		A49F6E6A2BAE4B4F00F1EA99 /* walkingpad_macTests.swift */ = {isa = PBXFileReference; lastKnownFileType = sourcecode.swift; path = walkingpad_macTests.swift; sourceTree = "<group>"; };
		A49F6E702BAE4B4F00F1EA99 /* walkingpad-macUITests.xctest */ = {isa = PBXFileReference; explicitFileType = wrapper.cfbundle; includeInIndex = 0; path = "walkingpad-macUITests.xctest"; sourceTree = BUILT_PRODUCTS_DIR; };
		A49F6E742BAE4B4F00F1EA99 /* walkingpad_macUITests.swift */ = {isa = PBXFileReference; lastKnownFileType = sourcecode.swift; path = walkingpad_macUITests.swift; sourceTree = "<group>"; };
		A49F6E762BAE4B4F00F1EA99 /* walkingpad_macUITestsLaunchTests.swift */ = {isa = PBXFileReference; lastKnownFileType = sourcecode.swift; path = walkingpad_macUITestsLaunchTests.swift; sourceTree = "<group>"; };
		A49F6E9C2BAF0B9100F1EA99 /* WalkingPadService.swift */ = {isa = PBXFileReference; lastKnownFileType = sourcecode.swift; path = WalkingPadService.swift; sourceTree = "<group>"; };
		A49F77312BAF134500F1EA99 /* python-lib */ = {isa = PBXFileReference; lastKnownFileType = folder; path = "python-lib"; sourceTree = "<group>"; };
		A49F77372BAF19CB00F1EA99 /* NSTextCheckingResult+groups.swift */ = {isa = PBXFileReference; lastKnownFileType = sourcecode.swift; path = "NSTextCheckingResult+groups.swift"; sourceTree = "<group>"; };
		A49F773C2BAF24F000F1EA99 /* TreadmillService.swift */ = {isa = PBXFileReference; lastKnownFileType = sourcecode.swift; path = TreadmillService.swift; sourceTree = "<group>"; };
		A4FB80352BAFD13A0065AE52 /* Session.swift */ = {isa = PBXFileReference; lastKnownFileType = sourcecode.swift; path = Session.swift; sourceTree = "<group>"; };
/* End PBXFileReference section */

/* Begin PBXFrameworksBuildPhase section */
		A49F6E502BAE4B4D00F1EA99 /* Frameworks */ = {
			isa = PBXFrameworksBuildPhase;
			buildActionMask = 2147483647;
			files = (
				A49F6EA02BAF0CB500F1EA99 /* SwiftCommand in Frameworks */,
				A49F773B2BAF24E000F1EA99 /* Starscream in Frameworks */,
				A43E09662BAF473E00FC7F98 /* KeyboardShortcuts in Frameworks */,
				A47B78722BAF9890004D4E57 /* MenuBarExtraAccess in Frameworks */,
				A47B786F2BAF7D16004D4E57 /* CompactSlider in Frameworks */,
			);
			runOnlyForDeploymentPostprocessing = 0;
		};
		A49F6E632BAE4B4F00F1EA99 /* Frameworks */ = {
			isa = PBXFrameworksBuildPhase;
			buildActionMask = 2147483647;
			files = (
			);
			runOnlyForDeploymentPostprocessing = 0;
		};
		A49F6E6D2BAE4B4F00F1EA99 /* Frameworks */ = {
			isa = PBXFrameworksBuildPhase;
			buildActionMask = 2147483647;
			files = (
			);
			runOnlyForDeploymentPostprocessing = 0;
		};
/* End PBXFrameworksBuildPhase section */

/* Begin PBXGroup section */
		A47B78752BAF9FA7004D4E57 /* Views */ = {
			isa = PBXGroup;
			children = (
				A43E09672BAF475400FC7F98 /* SettingsView.swift */,
				A49F6E582BAE4B4D00F1EA99 /* ControlView.swift */,
				A47B78772BAF9FFA004D4E57 /* ContentView.swift */,
				A47B78732BAF9A13004D4E57 /* ContextMenu.swift */,
				A47B78792BAFA373004D4E57 /* Container.swift */,
				A47B787B2BAFA384004D4E57 /* Spinner.swift */,
				A47B787D2BAFA3A6004D4E57 /* TreadmillControls.swift */,
			);
			path = Views;
			sourceTree = "<group>";
		};
		A47B78762BAF9FAF004D4E57 /* services */ = {
			isa = PBXGroup;
			children = (
				A49F6E9C2BAF0B9100F1EA99 /* WalkingPadService.swift */,
				A49F773C2BAF24F000F1EA99 /* TreadmillService.swift */,
			);
			path = services;
			sourceTree = "<group>";
		};
		A49F6E4A2BAE4B4D00F1EA99 = {
			isa = PBXGroup;
			children = (
				A47B787F2BAFADCB004D4E57 /* README.md */,
				A49F77312BAF134500F1EA99 /* python-lib */,
				A49F6E552BAE4B4D00F1EA99 /* walkingpad-mac */,
				A49F6E692BAE4B4F00F1EA99 /* walkingpad-macTests */,
				A49F6E732BAE4B4F00F1EA99 /* walkingpad-macUITests */,
				A49F6E542BAE4B4D00F1EA99 /* Products */,
			);
			sourceTree = "<group>";
		};
		A49F6E542BAE4B4D00F1EA99 /* Products */ = {
			isa = PBXGroup;
			children = (
				A49F6E532BAE4B4D00F1EA99 /* walkingpad-mac.app */,
				A49F6E662BAE4B4F00F1EA99 /* walkingpad-macTests.xctest */,
				A49F6E702BAE4B4F00F1EA99 /* walkingpad-macUITests.xctest */,
			);
			name = Products;
			sourceTree = "<group>";
		};
		A49F6E552BAE4B4D00F1EA99 /* walkingpad-mac */ = {
			isa = PBXGroup;
			children = (
				A4FB80342BAFD12E0065AE52 /* models */,
				A47B78762BAF9FAF004D4E57 /* services */,
				A47B78752BAF9FA7004D4E57 /* Views */,
				A49F77362BAF19BB00F1EA99 /* extensions */,
				A43E09692BAF476300FC7F98 /* Constants.swift */,
				A49F6E562BAE4B4D00F1EA99 /* walkingpad_macApp.swift */,
				A49F6E5C2BAE4B4F00F1EA99 /* Assets.xcassets */,
				A49F6E612BAE4B4F00F1EA99 /* walkingpad_mac.entitlements */,
				A49F6E5E2BAE4B4F00F1EA99 /* Preview Content */,
			);
			path = "walkingpad-mac";
			sourceTree = "<group>";
		};
		A49F6E5E2BAE4B4F00F1EA99 /* Preview Content */ = {
			isa = PBXGroup;
			children = (
				A49F6E5F2BAE4B4F00F1EA99 /* Preview Assets.xcassets */,
			);
			path = "Preview Content";
			sourceTree = "<group>";
		};
		A49F6E692BAE4B4F00F1EA99 /* walkingpad-macTests */ = {
			isa = PBXGroup;
			children = (
				A49F6E6A2BAE4B4F00F1EA99 /* walkingpad_macTests.swift */,
			);
			path = "walkingpad-macTests";
			sourceTree = "<group>";
		};
		A49F6E732BAE4B4F00F1EA99 /* walkingpad-macUITests */ = {
			isa = PBXGroup;
			children = (
				A49F6E742BAE4B4F00F1EA99 /* walkingpad_macUITests.swift */,
				A49F6E762BAE4B4F00F1EA99 /* walkingpad_macUITestsLaunchTests.swift */,
			);
			path = "walkingpad-macUITests";
			sourceTree = "<group>";
		};
		A49F77362BAF19BB00F1EA99 /* extensions */ = {
			isa = PBXGroup;
			children = (
				A49F77372BAF19CB00F1EA99 /* NSTextCheckingResult+groups.swift */,
			);
			path = extensions;
			sourceTree = "<group>";
		};
		A4FB80342BAFD12E0065AE52 /* models */ = {
			isa = PBXGroup;
			children = (
				A4FB80352BAFD13A0065AE52 /* Session.swift */,
			);
			path = models;
			sourceTree = "<group>";
		};
/* End PBXGroup section */

/* Begin PBXNativeTarget section */
		A49F6E522BAE4B4D00F1EA99 /* walkingpad-mac */ = {
			isa = PBXNativeTarget;
			buildConfigurationList = A49F6E7A2BAE4B4F00F1EA99 /* Build configuration list for PBXNativeTarget "walkingpad-mac" */;
			buildPhases = (
				A49F6E4F2BAE4B4D00F1EA99 /* Sources */,
				A49F6E502BAE4B4D00F1EA99 /* Frameworks */,
				A49F6E512BAE4B4D00F1EA99 /* Resources */,
			);
			buildRules = (
			);
			dependencies = (
			);
			name = "walkingpad-mac";
			packageProductDependencies = (
				A49F6E9F2BAF0CB500F1EA99 /* SwiftCommand */,
				A49F773A2BAF24E000F1EA99 /* Starscream */,
				A43E09652BAF473E00FC7F98 /* KeyboardShortcuts */,
				A47B786E2BAF7D16004D4E57 /* CompactSlider */,
				A47B78712BAF9890004D4E57 /* MenuBarExtraAccess */,
			);
			productName = "walkingpad-mac";
			productReference = A49F6E532BAE4B4D00F1EA99 /* walkingpad-mac.app */;
			productType = "com.apple.product-type.application";
		};
		A49F6E652BAE4B4F00F1EA99 /* walkingpad-macTests */ = {
			isa = PBXNativeTarget;
			buildConfigurationList = A49F6E7D2BAE4B4F00F1EA99 /* Build configuration list for PBXNativeTarget "walkingpad-macTests" */;
			buildPhases = (
				A49F6E622BAE4B4F00F1EA99 /* Sources */,
				A49F6E632BAE4B4F00F1EA99 /* Frameworks */,
				A49F6E642BAE4B4F00F1EA99 /* Resources */,
			);
			buildRules = (
			);
			dependencies = (
				A49F6E682BAE4B4F00F1EA99 /* PBXTargetDependency */,
			);
			name = "walkingpad-macTests";
			productName = "walkingpad-macTests";
			productReference = A49F6E662BAE4B4F00F1EA99 /* walkingpad-macTests.xctest */;
			productType = "com.apple.product-type.bundle.unit-test";
		};
		A49F6E6F2BAE4B4F00F1EA99 /* walkingpad-macUITests */ = {
			isa = PBXNativeTarget;
			buildConfigurationList = A49F6E802BAE4B4F00F1EA99 /* Build configuration list for PBXNativeTarget "walkingpad-macUITests" */;
			buildPhases = (
				A49F6E6C2BAE4B4F00F1EA99 /* Sources */,
				A49F6E6D2BAE4B4F00F1EA99 /* Frameworks */,
				A49F6E6E2BAE4B4F00F1EA99 /* Resources */,
			);
			buildRules = (
			);
			dependencies = (
				A49F6E722BAE4B4F00F1EA99 /* PBXTargetDependency */,
			);
			name = "walkingpad-macUITests";
			productName = "walkingpad-macUITests";
			productReference = A49F6E702BAE4B4F00F1EA99 /* walkingpad-macUITests.xctest */;
			productType = "com.apple.product-type.bundle.ui-testing";
		};
/* End PBXNativeTarget section */

/* Begin PBXProject section */
		A49F6E4B2BAE4B4D00F1EA99 /* Project object */ = {
			isa = PBXProject;
			attributes = {
				BuildIndependentTargetsInParallel = 1;
				LastSwiftUpdateCheck = 1530;
				LastUpgradeCheck = 1530;
				TargetAttributes = {
					A49F6E522BAE4B4D00F1EA99 = {
						CreatedOnToolsVersion = 15.3;
					};
					A49F6E652BAE4B4F00F1EA99 = {
						CreatedOnToolsVersion = 15.3;
						TestTargetID = A49F6E522BAE4B4D00F1EA99;
					};
					A49F6E6F2BAE4B4F00F1EA99 = {
						CreatedOnToolsVersion = 15.3;
						TestTargetID = A49F6E522BAE4B4D00F1EA99;
					};
				};
			};
			buildConfigurationList = A49F6E4E2BAE4B4D00F1EA99 /* Build configuration list for PBXProject "walkingpad-mac" */;
			compatibilityVersion = "Xcode 14.0";
			developmentRegion = en;
			hasScannedForEncodings = 0;
			knownRegions = (
				en,
				Base,
			);
			mainGroup = A49F6E4A2BAE4B4D00F1EA99;
			packageReferences = (
				A49F6E9B2BAE6BD000F1EA99 /* XCRemoteSwiftPackageReference "MacControlCenterUI" */,
				A49F6E9E2BAF0C7E00F1EA99 /* XCRemoteSwiftPackageReference "SwiftCommand" */,
				A49F77392BAF24E000F1EA99 /* XCRemoteSwiftPackageReference "Starscream" */,
				A43E09642BAF473E00FC7F98 /* XCRemoteSwiftPackageReference "KeyboardShortcuts" */,
				A47B786D2BAF7D16004D4E57 /* XCRemoteSwiftPackageReference "CompactSlider" */,
				A47B78702BAF9890004D4E57 /* XCRemoteSwiftPackageReference "MenuBarExtraAccess" */,
			);
			productRefGroup = A49F6E542BAE4B4D00F1EA99 /* Products */;
			projectDirPath = "";
			projectRoot = "";
			targets = (
				A49F6E522BAE4B4D00F1EA99 /* walkingpad-mac */,
				A49F6E652BAE4B4F00F1EA99 /* walkingpad-macTests */,
				A49F6E6F2BAE4B4F00F1EA99 /* walkingpad-macUITests */,
			);
		};
/* End PBXProject section */

/* Begin PBXResourcesBuildPhase section */
		A49F6E512BAE4B4D00F1EA99 /* Resources */ = {
			isa = PBXResourcesBuildPhase;
			buildActionMask = 2147483647;
			files = (
				A47B78802BAFADCB004D4E57 /* README.md in Resources */,
				A49F77322BAF134500F1EA99 /* python-lib in Resources */,
			);
			runOnlyForDeploymentPostprocessing = 0;
		};
		A49F6E642BAE4B4F00F1EA99 /* Resources */ = {
			isa = PBXResourcesBuildPhase;
			buildActionMask = 2147483647;
			files = (
			);
			runOnlyForDeploymentPostprocessing = 0;
		};
		A49F6E6E2BAE4B4F00F1EA99 /* Resources */ = {
			isa = PBXResourcesBuildPhase;
			buildActionMask = 2147483647;
			files = (
			);
			runOnlyForDeploymentPostprocessing = 0;
		};
/* End PBXResourcesBuildPhase section */

/* Begin PBXSourcesBuildPhase section */
		A49F6E4F2BAE4B4D00F1EA99 /* Sources */ = {
			isa = PBXSourcesBuildPhase;
			buildActionMask = 2147483647;
			files = (
				A47B787E2BAFA3A6004D4E57 /* TreadmillControls.swift in Sources */,
				A47B787C2BAFA384004D4E57 /* Spinner.swift in Sources */,
				A49F77382BAF19CB00F1EA99 /* NSTextCheckingResult+groups.swift in Sources */,
				A49F6E592BAE4B4D00F1EA99 /* ControlView.swift in Sources */,
				A49F6E9D2BAF0B9100F1EA99 /* WalkingPadService.swift in Sources */,
				A43E09682BAF475400FC7F98 /* SettingsView.swift in Sources */,
				A43E096A2BAF476300FC7F98 /* Constants.swift in Sources */,
				A4FB80362BAFD13A0065AE52 /* Session.swift in Sources */,
				A47B78782BAF9FFA004D4E57 /* ContentView.swift in Sources */,
				A49F773D2BAF24F000F1EA99 /* TreadmillService.swift in Sources */,
				A47B787A2BAFA373004D4E57 /* Container.swift in Sources */,
				A47B78742BAF9A13004D4E57 /* ContextMenu.swift in Sources */,
				A49F6E572BAE4B4D00F1EA99 /* walkingpad_macApp.swift in Sources */,
			);
			runOnlyForDeploymentPostprocessing = 0;
		};
		A49F6E622BAE4B4F00F1EA99 /* Sources */ = {
			isa = PBXSourcesBuildPhase;
			buildActionMask = 2147483647;
			files = (
				A49F6E6B2BAE4B4F00F1EA99 /* walkingpad_macTests.swift in Sources */,
			);
			runOnlyForDeploymentPostprocessing = 0;
		};
		A49F6E6C2BAE4B4F00F1EA99 /* Sources */ = {
			isa = PBXSourcesBuildPhase;
			buildActionMask = 2147483647;
			files = (
				A49F6E772BAE4B4F00F1EA99 /* walkingpad_macUITestsLaunchTests.swift in Sources */,
				A49F6E752BAE4B4F00F1EA99 /* walkingpad_macUITests.swift in Sources */,
			);
			runOnlyForDeploymentPostprocessing = 0;
		};
/* End PBXSourcesBuildPhase section */

/* Begin PBXTargetDependency section */
		A49F6E682BAE4B4F00F1EA99 /* PBXTargetDependency */ = {
			isa = PBXTargetDependency;
			target = A49F6E522BAE4B4D00F1EA99 /* walkingpad-mac */;
			targetProxy = A49F6E672BAE4B4F00F1EA99 /* PBXContainerItemProxy */;
		};
		A49F6E722BAE4B4F00F1EA99 /* PBXTargetDependency */ = {
			isa = PBXTargetDependency;
			target = A49F6E522BAE4B4D00F1EA99 /* walkingpad-mac */;
			targetProxy = A49F6E712BAE4B4F00F1EA99 /* PBXContainerItemProxy */;
		};
/* End PBXTargetDependency section */

/* Begin XCBuildConfiguration section */
		A49F6E782BAE4B4F00F1EA99 /* Debug */ = {
			isa = XCBuildConfiguration;
			buildSettings = {
				ALWAYS_SEARCH_USER_PATHS = NO;
				ASSETCATALOG_COMPILER_GENERATE_SWIFT_ASSET_SYMBOL_EXTENSIONS = YES;
				CLANG_ANALYZER_NONNULL = YES;
				CLANG_ANALYZER_NUMBER_OBJECT_CONVERSION = YES_AGGRESSIVE;
				CLANG_CXX_LANGUAGE_STANDARD = "gnu++20";
				CLANG_ENABLE_MODULES = YES;
				CLANG_ENABLE_OBJC_ARC = YES;
				CLANG_ENABLE_OBJC_WEAK = YES;
				CLANG_WARN_BLOCK_CAPTURE_AUTORELEASING = YES;
				CLANG_WARN_BOOL_CONVERSION = YES;
				CLANG_WARN_COMMA = YES;
				CLANG_WARN_CONSTANT_CONVERSION = YES;
				CLANG_WARN_DEPRECATED_OBJC_IMPLEMENTATIONS = YES;
				CLANG_WARN_DIRECT_OBJC_ISA_USAGE = YES_ERROR;
				CLANG_WARN_DOCUMENTATION_COMMENTS = YES;
				CLANG_WARN_EMPTY_BODY = YES;
				CLANG_WARN_ENUM_CONVERSION = YES;
				CLANG_WARN_INFINITE_RECURSION = YES;
				CLANG_WARN_INT_CONVERSION = YES;
				CLANG_WARN_NON_LITERAL_NULL_CONVERSION = YES;
				CLANG_WARN_OBJC_IMPLICIT_RETAIN_SELF = YES;
				CLANG_WARN_OBJC_LITERAL_CONVERSION = YES;
				CLANG_WARN_OBJC_ROOT_CLASS = YES_ERROR;
				CLANG_WARN_QUOTED_INCLUDE_IN_FRAMEWORK_HEADER = YES;
				CLANG_WARN_RANGE_LOOP_ANALYSIS = YES;
				CLANG_WARN_STRICT_PROTOTYPES = YES;
				CLANG_WARN_SUSPICIOUS_MOVE = YES;
				CLANG_WARN_UNGUARDED_AVAILABILITY = YES_AGGRESSIVE;
				CLANG_WARN_UNREACHABLE_CODE = YES;
				CLANG_WARN__DUPLICATE_METHOD_MATCH = YES;
				COPY_PHASE_STRIP = NO;
				DEBUG_INFORMATION_FORMAT = dwarf;
				ENABLE_STRICT_OBJC_MSGSEND = YES;
				ENABLE_TESTABILITY = YES;
				ENABLE_USER_SCRIPT_SANDBOXING = YES;
				GCC_C_LANGUAGE_STANDARD = gnu17;
				GCC_DYNAMIC_NO_PIC = NO;
				GCC_NO_COMMON_BLOCKS = YES;
				GCC_OPTIMIZATION_LEVEL = 0;
				GCC_PREPROCESSOR_DEFINITIONS = (
					"DEBUG=1",
					"$(inherited)",
				);
				GCC_WARN_64_TO_32_BIT_CONVERSION = YES;
				GCC_WARN_ABOUT_RETURN_TYPE = YES_ERROR;
				GCC_WARN_UNDECLARED_SELECTOR = YES;
				GCC_WARN_UNINITIALIZED_AUTOS = YES_AGGRESSIVE;
				GCC_WARN_UNUSED_FUNCTION = YES;
				GCC_WARN_UNUSED_VARIABLE = YES;
				LOCALIZATION_PREFERS_STRING_CATALOGS = YES;
				MACOSX_DEPLOYMENT_TARGET = 14.4;
				MTL_ENABLE_DEBUG_INFO = INCLUDE_SOURCE;
				MTL_FAST_MATH = YES;
				ONLY_ACTIVE_ARCH = YES;
				SDKROOT = macosx;
				SWIFT_ACTIVE_COMPILATION_CONDITIONS = "DEBUG $(inherited)";
				SWIFT_OPTIMIZATION_LEVEL = "-Onone";
			};
			name = Debug;
		};
		A49F6E792BAE4B4F00F1EA99 /* Release */ = {
			isa = XCBuildConfiguration;
			buildSettings = {
				ALWAYS_SEARCH_USER_PATHS = NO;
				ASSETCATALOG_COMPILER_GENERATE_SWIFT_ASSET_SYMBOL_EXTENSIONS = YES;
				CLANG_ANALYZER_NONNULL = YES;
				CLANG_ANALYZER_NUMBER_OBJECT_CONVERSION = YES_AGGRESSIVE;
				CLANG_CXX_LANGUAGE_STANDARD = "gnu++20";
				CLANG_ENABLE_MODULES = YES;
				CLANG_ENABLE_OBJC_ARC = YES;
				CLANG_ENABLE_OBJC_WEAK = YES;
				CLANG_WARN_BLOCK_CAPTURE_AUTORELEASING = YES;
				CLANG_WARN_BOOL_CONVERSION = YES;
				CLANG_WARN_COMMA = YES;
				CLANG_WARN_CONSTANT_CONVERSION = YES;
				CLANG_WARN_DEPRECATED_OBJC_IMPLEMENTATIONS = YES;
				CLANG_WARN_DIRECT_OBJC_ISA_USAGE = YES_ERROR;
				CLANG_WARN_DOCUMENTATION_COMMENTS = YES;
				CLANG_WARN_EMPTY_BODY = YES;
				CLANG_WARN_ENUM_CONVERSION = YES;
				CLANG_WARN_INFINITE_RECURSION = YES;
				CLANG_WARN_INT_CONVERSION = YES;
				CLANG_WARN_NON_LITERAL_NULL_CONVERSION = YES;
				CLANG_WARN_OBJC_IMPLICIT_RETAIN_SELF = YES;
				CLANG_WARN_OBJC_LITERAL_CONVERSION = YES;
				CLANG_WARN_OBJC_ROOT_CLASS = YES_ERROR;
				CLANG_WARN_QUOTED_INCLUDE_IN_FRAMEWORK_HEADER = YES;
				CLANG_WARN_RANGE_LOOP_ANALYSIS = YES;
				CLANG_WARN_STRICT_PROTOTYPES = YES;
				CLANG_WARN_SUSPICIOUS_MOVE = YES;
				CLANG_WARN_UNGUARDED_AVAILABILITY = YES_AGGRESSIVE;
				CLANG_WARN_UNREACHABLE_CODE = YES;
				CLANG_WARN__DUPLICATE_METHOD_MATCH = YES;
				COPY_PHASE_STRIP = NO;
				DEBUG_INFORMATION_FORMAT = "dwarf-with-dsym";
				ENABLE_NS_ASSERTIONS = NO;
				ENABLE_STRICT_OBJC_MSGSEND = YES;
				ENABLE_USER_SCRIPT_SANDBOXING = YES;
				GCC_C_LANGUAGE_STANDARD = gnu17;
				GCC_NO_COMMON_BLOCKS = YES;
				GCC_WARN_64_TO_32_BIT_CONVERSION = YES;
				GCC_WARN_ABOUT_RETURN_TYPE = YES_ERROR;
				GCC_WARN_UNDECLARED_SELECTOR = YES;
				GCC_WARN_UNINITIALIZED_AUTOS = YES_AGGRESSIVE;
				GCC_WARN_UNUSED_FUNCTION = YES;
				GCC_WARN_UNUSED_VARIABLE = YES;
				LOCALIZATION_PREFERS_STRING_CATALOGS = YES;
				MACOSX_DEPLOYMENT_TARGET = 14.4;
				MTL_ENABLE_DEBUG_INFO = NO;
				MTL_FAST_MATH = YES;
				SDKROOT = macosx;
				SWIFT_COMPILATION_MODE = wholemodule;
			};
			name = Release;
		};
		A49F6E7B2BAE4B4F00F1EA99 /* Debug */ = {
			isa = XCBuildConfiguration;
			buildSettings = {
				ASSETCATALOG_COMPILER_APPICON_NAME = AppIcon;
				ASSETCATALOG_COMPILER_GLOBAL_ACCENT_COLOR_NAME = AccentColor;
				CODE_SIGN_ENTITLEMENTS = "walkingpad-mac/walkingpad_mac.entitlements";
				CODE_SIGN_STYLE = Automatic;
				COMBINE_HIDPI_IMAGES = YES;
				CURRENT_PROJECT_VERSION = 1;
				DEVELOPMENT_ASSET_PATHS = "\"walkingpad-mac/Preview Content\"";
				DEVELOPMENT_TEAM = W95M7B3AKP;
				ENABLE_HARDENED_RUNTIME = YES;
				ENABLE_PREVIEWS = YES;
				GENERATE_INFOPLIST_FILE = YES;
				INFOPLIST_KEY_LSUIElement = YES;
				INFOPLIST_KEY_NSBluetoothAlwaysUsageDescription = "We connect to your WalkingPad Treadmill";
				INFOPLIST_KEY_NSHumanReadableCopyright = "";
				LD_RUNPATH_SEARCH_PATHS = (
					"$(inherited)",
					"@executable_path/../Frameworks",
				);
				MACOSX_DEPLOYMENT_TARGET = 14.0;
				MARKETING_VERSION = 1.0;
				PRODUCT_BUNDLE_IDENTIFIER = "com.cdm.walkingpad-mac";
				PRODUCT_NAME = "$(TARGET_NAME)";
				SWIFT_EMIT_LOC_STRINGS = YES;
				SWIFT_VERSION = 5.0;
			};
			name = Debug;
		};
		A49F6E7C2BAE4B4F00F1EA99 /* Release */ = {
			isa = XCBuildConfiguration;
			buildSettings = {
				ASSETCATALOG_COMPILER_APPICON_NAME = AppIcon;
				ASSETCATALOG_COMPILER_GLOBAL_ACCENT_COLOR_NAME = AccentColor;
				CODE_SIGN_ENTITLEMENTS = "walkingpad-mac/walkingpad_mac.entitlements";
				CODE_SIGN_STYLE = Automatic;
				COMBINE_HIDPI_IMAGES = YES;
				CURRENT_PROJECT_VERSION = 1;
				DEVELOPMENT_ASSET_PATHS = "\"walkingpad-mac/Preview Content\"";
				DEVELOPMENT_TEAM = W95M7B3AKP;
				ENABLE_HARDENED_RUNTIME = YES;
				ENABLE_PREVIEWS = YES;
				GENERATE_INFOPLIST_FILE = YES;
				INFOPLIST_KEY_LSUIElement = YES;
				INFOPLIST_KEY_NSBluetoothAlwaysUsageDescription = "We connect to your WalkingPad Treadmill";
				INFOPLIST_KEY_NSHumanReadableCopyright = "";
				LD_RUNPATH_SEARCH_PATHS = (
					"$(inherited)",
					"@executable_path/../Frameworks",
				);
				MACOSX_DEPLOYMENT_TARGET = 14.0;
				MARKETING_VERSION = 1.0;
				PRODUCT_BUNDLE_IDENTIFIER = "com.cdm.walkingpad-mac";
				PRODUCT_NAME = "$(TARGET_NAME)";
				SWIFT_EMIT_LOC_STRINGS = YES;
				SWIFT_VERSION = 5.0;
			};
			name = Release;
		};
		A49F6E7E2BAE4B4F00F1EA99 /* Debug */ = {
			isa = XCBuildConfiguration;
			buildSettings = {
				ALWAYS_EMBED_SWIFT_STANDARD_LIBRARIES = YES;
				BUNDLE_LOADER = "$(TEST_HOST)";
				CODE_SIGN_STYLE = Automatic;
				CURRENT_PROJECT_VERSION = 1;
				DEVELOPMENT_TEAM = W95M7B3AKP;
				GENERATE_INFOPLIST_FILE = YES;
				MACOSX_DEPLOYMENT_TARGET = 14.0;
				MARKETING_VERSION = 1.0;
				PRODUCT_BUNDLE_IDENTIFIER = "com.cdm.walkingpad-macTests";
				PRODUCT_NAME = "$(TARGET_NAME)";
				SWIFT_EMIT_LOC_STRINGS = NO;
				SWIFT_VERSION = 5.0;
				TEST_HOST = "$(BUILT_PRODUCTS_DIR)/walkingpad-mac.app/$(BUNDLE_EXECUTABLE_FOLDER_PATH)/walkingpad-mac";
			};
			name = Debug;
		};
		A49F6E7F2BAE4B4F00F1EA99 /* Release */ = {
			isa = XCBuildConfiguration;
			buildSettings = {
				ALWAYS_EMBED_SWIFT_STANDARD_LIBRARIES = YES;
				BUNDLE_LOADER = "$(TEST_HOST)";
				CODE_SIGN_STYLE = Automatic;
				CURRENT_PROJECT_VERSION = 1;
				DEVELOPMENT_TEAM = W95M7B3AKP;
				GENERATE_INFOPLIST_FILE = YES;
				MACOSX_DEPLOYMENT_TARGET = 14.0;
				MARKETING_VERSION = 1.0;
				PRODUCT_BUNDLE_IDENTIFIER = "com.cdm.walkingpad-macTests";
				PRODUCT_NAME = "$(TARGET_NAME)";
				SWIFT_EMIT_LOC_STRINGS = NO;
				SWIFT_VERSION = 5.0;
				TEST_HOST = "$(BUILT_PRODUCTS_DIR)/walkingpad-mac.app/$(BUNDLE_EXECUTABLE_FOLDER_PATH)/walkingpad-mac";
			};
			name = Release;
		};
		A49F6E812BAE4B4F00F1EA99 /* Debug */ = {
			isa = XCBuildConfiguration;
			buildSettings = {
				ALWAYS_EMBED_SWIFT_STANDARD_LIBRARIES = YES;
				CODE_SIGN_STYLE = Automatic;
				CURRENT_PROJECT_VERSION = 1;
				DEVELOPMENT_TEAM = W95M7B3AKP;
				GENERATE_INFOPLIST_FILE = YES;
				MARKETING_VERSION = 1.0;
				PRODUCT_BUNDLE_IDENTIFIER = "com.cdm.walkingpad-macUITests";
				PRODUCT_NAME = "$(TARGET_NAME)";
				SWIFT_EMIT_LOC_STRINGS = NO;
				SWIFT_VERSION = 5.0;
				TEST_TARGET_NAME = "walkingpad-mac";
			};
			name = Debug;
		};
		A49F6E822BAE4B4F00F1EA99 /* Release */ = {
			isa = XCBuildConfiguration;
			buildSettings = {
				ALWAYS_EMBED_SWIFT_STANDARD_LIBRARIES = YES;
				CODE_SIGN_STYLE = Automatic;
				CURRENT_PROJECT_VERSION = 1;
				DEVELOPMENT_TEAM = W95M7B3AKP;
				GENERATE_INFOPLIST_FILE = YES;
				MARKETING_VERSION = 1.0;
				PRODUCT_BUNDLE_IDENTIFIER = "com.cdm.walkingpad-macUITests";
				PRODUCT_NAME = "$(TARGET_NAME)";
				SWIFT_EMIT_LOC_STRINGS = NO;
				SWIFT_VERSION = 5.0;
				TEST_TARGET_NAME = "walkingpad-mac";
			};
			name = Release;
		};
/* End XCBuildConfiguration section */

/* Begin XCConfigurationList section */
		A49F6E4E2BAE4B4D00F1EA99 /* Build configuration list for PBXProject "walkingpad-mac" */ = {
			isa = XCConfigurationList;
			buildConfigurations = (
				A49F6E782BAE4B4F00F1EA99 /* Debug */,
				A49F6E792BAE4B4F00F1EA99 /* Release */,
			);
			defaultConfigurationIsVisible = 0;
			defaultConfigurationName = Release;
		};
		A49F6E7A2BAE4B4F00F1EA99 /* Build configuration list for PBXNativeTarget "walkingpad-mac" */ = {
			isa = XCConfigurationList;
			buildConfigurations = (
				A49F6E7B2BAE4B4F00F1EA99 /* Debug */,
				A49F6E7C2BAE4B4F00F1EA99 /* Release */,
			);
			defaultConfigurationIsVisible = 0;
			defaultConfigurationName = Release;
		};
		A49F6E7D2BAE4B4F00F1EA99 /* Build configuration list for PBXNativeTarget "walkingpad-macTests" */ = {
			isa = XCConfigurationList;
			buildConfigurations = (
				A49F6E7E2BAE4B4F00F1EA99 /* Debug */,
				A49F6E7F2BAE4B4F00F1EA99 /* Release */,
			);
			defaultConfigurationIsVisible = 0;
			defaultConfigurationName = Release;
		};
		A49F6E802BAE4B4F00F1EA99 /* Build configuration list for PBXNativeTarget "walkingpad-macUITests" */ = {
			isa = XCConfigurationList;
			buildConfigurations = (
				A49F6E812BAE4B4F00F1EA99 /* Debug */,
				A49F6E822BAE4B4F00F1EA99 /* Release */,
			);
			defaultConfigurationIsVisible = 0;
			defaultConfigurationName = Release;
		};
/* End XCConfigurationList section */

/* Begin XCRemoteSwiftPackageReference section */
		A43E09642BAF473E00FC7F98 /* XCRemoteSwiftPackageReference "KeyboardShortcuts" */ = {
			isa = XCRemoteSwiftPackageReference;
			repositoryURL = "https://github.com/sindresorhus/KeyboardShortcuts";
			requirement = {
				kind = upToNextMajorVersion;
				minimumVersion = 2.0.0;
			};
		};
		A47B786D2BAF7D16004D4E57 /* XCRemoteSwiftPackageReference "CompactSlider" */ = {
			isa = XCRemoteSwiftPackageReference;
			repositoryURL = "https://github.com/buh/CompactSlider";
			requirement = {
				kind = upToNextMajorVersion;
				minimumVersion = 1.1.5;
			};
		};
		A47B78702BAF9890004D4E57 /* XCRemoteSwiftPackageReference "MenuBarExtraAccess" */ = {
			isa = XCRemoteSwiftPackageReference;
			repositoryURL = "https://github.com/orchetect/MenuBarExtraAccess";
			requirement = {
				kind = upToNextMajorVersion;
				minimumVersion = 1.0.5;
			};
		};
		A49F6E9B2BAE6BD000F1EA99 /* XCRemoteSwiftPackageReference "MacControlCenterUI" */ = {
			isa = XCRemoteSwiftPackageReference;
			repositoryURL = "https://github.com/orchetect/MacControlCenterUI";
			requirement = {
				kind = upToNextMajorVersion;
				minimumVersion = 2.0.7;
			};
		};
		A49F6E9E2BAF0C7E00F1EA99 /* XCRemoteSwiftPackageReference "SwiftCommand" */ = {
			isa = XCRemoteSwiftPackageReference;
			repositoryURL = "https://github.com/Zollerboy1/SwiftCommand";
			requirement = {
				kind = upToNextMajorVersion;
				minimumVersion = 1.4.0;
			};
		};
		A49F77392BAF24E000F1EA99 /* XCRemoteSwiftPackageReference "Starscream" */ = {
			isa = XCRemoteSwiftPackageReference;
			repositoryURL = "https://github.com/daltoniam/Starscream";
			requirement = {
				kind = upToNextMajorVersion;
				minimumVersion = 4.0.8;
			};
		};
/* End XCRemoteSwiftPackageReference section */

/* Begin XCSwiftPackageProductDependency section */
		A43E09652BAF473E00FC7F98 /* KeyboardShortcuts */ = {
			isa = XCSwiftPackageProductDependency;
			package = A43E09642BAF473E00FC7F98 /* XCRemoteSwiftPackageReference "KeyboardShortcuts" */;
			productName = KeyboardShortcuts;
		};
		A47B786E2BAF7D16004D4E57 /* CompactSlider */ = {
			isa = XCSwiftPackageProductDependency;
			package = A47B786D2BAF7D16004D4E57 /* XCRemoteSwiftPackageReference "CompactSlider" */;
			productName = CompactSlider;
		};
		A47B78712BAF9890004D4E57 /* MenuBarExtraAccess */ = {
			isa = XCSwiftPackageProductDependency;
			package = A47B78702BAF9890004D4E57 /* XCRemoteSwiftPackageReference "MenuBarExtraAccess" */;
			productName = MenuBarExtraAccess;
		};
		A49F6E9F2BAF0CB500F1EA99 /* SwiftCommand */ = {
			isa = XCSwiftPackageProductDependency;
			package = A49F6E9E2BAF0C7E00F1EA99 /* XCRemoteSwiftPackageReference "SwiftCommand" */;
			productName = SwiftCommand;
		};
		A49F773A2BAF24E000F1EA99 /* Starscream */ = {
			isa = XCSwiftPackageProductDependency;
			package = A49F77392BAF24E000F1EA99 /* XCRemoteSwiftPackageReference "Starscream" */;
			productName = Starscream;
		};
/* End XCSwiftPackageProductDependency section */
	};
	rootObject = A49F6E4B2BAE4B4D00F1EA99 /* Project object */;
}
